{
  "version": 4,
  "terraform_version": "0.12.6",
  "serial": 16,
  "lineage": "0e053555-7411-d91c-4429-7e6791489a73",
  "outputs": {},
  "resources": [
    {
      "mode": "managed",
      "type": "digitalocean_droplet",
      "name": "gocd-server",
      "provider": "provider.digitalocean",
      "instances": [
        {
          "schema_version": 1,
          "attributes": {
            "backups": false,
            "disk": 40,
            "id": "154958341",
            "image": "ubuntu-18-04-x64",
            "ipv4_address": "167.71.80.105",
            "ipv4_address_private": "10.132.236.152",
            "ipv6": false,
            "ipv6_address": "",
            "ipv6_address_private": null,
            "locked": false,
            "memory": 2048,
            "monitoring": false,
            "name": "gocd-server",
            "price_hourly": 0.02976,
            "price_monthly": 20,
            "private_networking": true,
            "region": "nyc3",
            "resize_disk": true,
            "size": "2gb",
            "ssh_keys": [
              "f1:f3:20:ba:7f:76:81:a9:02:a3:87:dc:20:0d:b2:5d"
            ],
            "status": "active",
            "tags": null,
            "urn": "do:droplet:154958341",
            "user_data": null,
            "vcpus": 2,
            "volume_ids": []
          },
          "private": "eyJzY2hlbWFfdmVyc2lvbiI6IjEifQ=="
        }
      ]
    }
  ]
}
